
Microsoft Visual Studio Solution File, Format Version 12.00
# Visual Studio Version 16
VisualStudioVersion = 16.0.810.16
MinimumVisualStudioVersion = 10.0.40219.1
Project("{FAE04EC0-301F-11D3-BF4B-00C04F79EFBC}") = "MiniBot", "MiniBot\MiniBot.csproj", "{27D59F17-C21C-43B9-9CD3-08EF744B7FE9}"
EndProject
Global
	GlobalSection(SolutionConfigurationPlatforms) = preSolution
		Debug|Any CPU = Debug|Any CPU
		Release|Any CPU = Release|Any CPU
	EndGlobalSection
	GlobalSection(ProjectConfigurationPlatforms) = postSolution
		{27D59F17-C21C-43B9-9CD3-08EF744B7FE9}.Debug|Any CPU.ActiveCfg = Debug|Any CPU
		{27D59F17-C21C-43B9-9CD3-08EF744B7FE9}.Debug|Any CPU.Build.0 = Debug|Any CPU
		{27D59F17-C21C-43B9-9CD3-08EF744B7FE9}.Release|Any CPU.ActiveCfg = Release|Any CPU
		{27D59F17-C21C-43B9-9CD3-08EF744B7FE9}.Release|Any CPU.Build.0 = Release|Any CPU
	EndGlobalSection
	GlobalSection(SolutionProperties) = preSolution
		HideSolutionNode = FALSE
	EndGlobalSection
	GlobalSection(ExtensibilityGlobals) = postSolution
		SolutionGuid = {D8056CD1-E9B3-40C1-9368-3CC7398A74B7}
	EndGlobalSection
EndGlobal
